# This file is automatically @generated by Poetry 1.8.3 and should not be changed by hand.

[[package]]
name = "cplex"
version = "22.1.1.0"
description = "A Python interface to the CPLEX Callable Library."
optional = false
python-versions = "*"
files = []
develop = false

[package.source]
type = "directory"
url = "../../../../opt/ibm/ILOG/CPLEX_Studio2211/cplex/python/3.10/x86-64_linux"

[[package]]
name = "docplex"
version = "2.27.239"
description = "The IBM Decision Optimization CPLEX Modeling for Python"
optional = false
python-versions = "*"
files = [
    {file = "docplex-2.27.239.tar.gz", hash = "sha256:520e7e8c30416da9aa77425e6f31ef8cb6684d144f616422265ea0f012b468c4"},
]

[package.dependencies]
six = "*"

[[package]]
name = "six"
version = "1.16.0"
description = "Python 2 and 3 compatibility utilities"
optional = false
python-versions = ">=2.7, !=3.0.*, !=3.1.*, !=3.2.*"
files = [
    {file = "six-1.16.0-py2.py3-none-any.whl", hash = "sha256:8abb2f1d86890a2dfb989f9a77cfcfd3e47c2a354b01111771326f8aa26e0254"},
    {file = "six-1.16.0.tar.gz", hash = "sha256:1e61c37477a1626458e36f7b1d82aa5c9b094fa4802892072e49de9c60c4c926"},
]

[metadata]
lock-version = "2.0"
python-versions = "^3.10"
content-hash = "c96fb971d2bb247127cfff23b353c5b87aa6c12bffe62b00da6141db46e703c2"
